// !$*UTF8*$!
{
	archiveVersion = 1;
	classes = {
	};
	objectVersion = 50;
	objects = {

/* Begin PBXBuildFile section */
		063D36B6248BBF8C0096EF18 /* AppDelegate.swift in Sources */ = {isa = PBXBuildFile; fileRef = 063D36B5248BBF8C0096EF18 /* AppDelegate.swift */; };
		063D36BA248BBF8C0096EF18 /* ViewController.swift in Sources */ = {isa = PBXBuildFile; fileRef = 063D36B9248BBF8C0096EF18 /* ViewController.swift */; };
		063D36BD248BBF8C0096EF18 /* Main.storyboard in Resources */ = {isa = PBXBuildFile; fileRef = 063D36BB248BBF8C0096EF18 /* Main.storyboard */; };
		063D36BF248BBF8F0096EF18 /* Assets.xcassets in Resources */ = {isa = PBXBuildFile; fileRef = 063D36BE248BBF8F0096EF18 /* Assets.xcassets */; };
		063D36C2248BBF8F0096EF18 /* LaunchScreen.storyboard in Resources */ = {isa = PBXBuildFile; fileRef = 063D36C0248BBF8F0096EF18 /* LaunchScreen.storyboard */; };
		063D36CD248BBF8F0096EF18 /* SundeedSpotlightTests.swift in Sources */ = {isa = PBXBuildFile; fileRef = 063D36CC248BBF8F0096EF18 /* SundeedSpotlightTests.swift */; };
		063D36D9248BC0D60096EF18 /* HighlightingView.swift in Sources */ = {isa = PBXBuildFile; fileRef = 063D36D8248BC0D60096EF18 /* HighlightingView.swift */; };
		063D36DB248BC23F0096EF18 /* SundeedSpotlight.swift in Sources */ = {isa = PBXBuildFile; fileRef = 063D36DA248BC23F0096EF18 /* SundeedSpotlight.swift */; };
		063D36DD248BC25B0096EF18 /* InfoView.swift in Sources */ = {isa = PBXBuildFile; fileRef = 063D36DC248BC25B0096EF18 /* InfoView.swift */; };
		063D36DF248BC2740096EF18 /* CustomSpotlightInfoView.swift in Sources */ = {isa = PBXBuildFile; fileRef = 063D36DE248BC2740096EF18 /* CustomSpotlightInfoView.swift */; };
		063D36E1248BC2B10096EF18 /* DefaultInfoLabel.swift in Sources */ = {isa = PBXBuildFile; fileRef = 063D36E0248BC2B10096EF18 /* DefaultInfoLabel.swift */; };
/* End PBXBuildFile section */

/* Begin PBXContainerItemProxy section */
		063D36C9248BBF8F0096EF18 /* PBXContainerItemProxy */ = {
			isa = PBXContainerItemProxy;
			containerPortal = 063D36AA248BBF8C0096EF18 /* Project object */;
			proxyType = 1;
			remoteGlobalIDString = 063D36B1248BBF8C0096EF18;
			remoteInfo = SundeedSpotlight;
		};
/* End PBXContainerItemProxy section */

/* Begin PBXFileReference section */
		063D36B2248BBF8C0096EF18 /* SundeedSpotlight.app */ = {isa = PBXFileReference; explicitFileType = wrapper.application; includeInIndex = 0; path = SundeedSpotlight.app; sourceTree = BUILT_PRODUCTS_DIR; };
		063D36B5248BBF8C0096EF18 /* AppDelegate.swift */ = {isa = PBXFileReference; lastKnownFileType = sourcecode.swift; path = AppDelegate.swift; sourceTree = "<group>"; };
		063D36B9248BBF8C0096EF18 /* ViewController.swift */ = {isa = PBXFileReference; lastKnownFileType = sourcecode.swift; path = ViewController.swift; sourceTree = "<group>"; };
		063D36BC248BBF8C0096EF18 /* Base */ = {isa = PBXFileReference; lastKnownFileType = file.storyboard; name = Base; path = Base.lproj/Main.storyboard; sourceTree = "<group>"; };
		063D36BE248BBF8F0096EF18 /* Assets.xcassets */ = {isa = PBXFileReference; lastKnownFileType = folder.assetcatalog; path = Assets.xcassets; sourceTree = "<group>"; };
		063D36C1248BBF8F0096EF18 /* Base */ = {isa = PBXFileReference; lastKnownFileType = file.storyboard; name = Base; path = Base.lproj/LaunchScreen.storyboard; sourceTree = "<group>"; };
		063D36C3248BBF8F0096EF18 /* Info.plist */ = {isa = PBXFileReference; lastKnownFileType = text.plist.xml; path = Info.plist; sourceTree = "<group>"; };
		063D36C8248BBF8F0096EF18 /* SundeedSpotlightTests.xctest */ = {isa = PBXFileReference; explicitFileType = wrapper.cfbundle; includeInIndex = 0; path = SundeedSpotlightTests.xctest; sourceTree = BUILT_PRODUCTS_DIR; };
		063D36CC248BBF8F0096EF18 /* SundeedSpotlightTests.swift */ = {isa = PBXFileReference; lastKnownFileType = sourcecode.swift; path = SundeedSpotlightTests.swift; sourceTree = "<group>"; };
		063D36CE248BBF8F0096EF18 /* Info.plist */ = {isa = PBXFileReference; lastKnownFileType = text.plist.xml; path = Info.plist; sourceTree = "<group>"; };
		063D36D8248BC0D60096EF18 /* HighlightingView.swift */ = {isa = PBXFileReference; lastKnownFileType = sourcecode.swift; path = HighlightingView.swift; sourceTree = "<group>"; };
		063D36DA248BC23F0096EF18 /* SundeedSpotlight.swift */ = {isa = PBXFileReference; lastKnownFileType = sourcecode.swift; path = SundeedSpotlight.swift; sourceTree = "<group>"; };
		063D36DC248BC25B0096EF18 /* InfoView.swift */ = {isa = PBXFileReference; lastKnownFileType = sourcecode.swift; path = InfoView.swift; sourceTree = "<group>"; };
		063D36DE248BC2740096EF18 /* CustomSpotlightInfoView.swift */ = {isa = PBXFileReference; lastKnownFileType = sourcecode.swift; path = CustomSpotlightInfoView.swift; sourceTree = "<group>"; };
		063D36E0248BC2B10096EF18 /* DefaultInfoLabel.swift */ = {isa = PBXFileReference; lastKnownFileType = sourcecode.swift; path = DefaultInfoLabel.swift; sourceTree = "<group>"; };
/* End PBXFileReference section */

/* Begin PBXFrameworksBuildPhase section */
		063D36AF248BBF8C0096EF18 /* Frameworks */ = {
			isa = PBXFrameworksBuildPhase;
			buildActionMask = 2147483647;
			files = (
			);
			runOnlyForDeploymentPostprocessing = 0;
		};
		063D36C5248BBF8F0096EF18 /* Frameworks */ = {
			isa = PBXFrameworksBuildPhase;
			buildActionMask = 2147483647;
			files = (
			);
			runOnlyForDeploymentPostprocessing = 0;
		};
/* End PBXFrameworksBuildPhase section */

/* Begin PBXGroup section */
		063D36A9248BBF8C0096EF18 = {
			isa = PBXGroup;
			children = (
				063D36D7248BC0C10096EF18 /* Library */,
				063D36B4248BBF8C0096EF18 /* SundeedSpotlight */,
				063D36CB248BBF8F0096EF18 /* SundeedSpotlightTests */,
				063D36B3248BBF8C0096EF18 /* Products */,
			);
			sourceTree = "<group>";
		};
		063D36B3248BBF8C0096EF18 /* Products */ = {
			isa = PBXGroup;
			children = (
				063D36B2248BBF8C0096EF18 /* SundeedSpotlight.app */,
				063D36C8248BBF8F0096EF18 /* SundeedSpotlightTests.xctest */,
			);
			name = Products;
			sourceTree = "<group>";
		};
		063D36B4248BBF8C0096EF18 /* SundeedSpotlight */ = {
			isa = PBXGroup;
			children = (
				063D36B5248BBF8C0096EF18 /* AppDelegate.swift */,
				063D36B9248BBF8C0096EF18 /* ViewController.swift */,
				063D36BB248BBF8C0096EF18 /* Main.storyboard */,
				063D36BE248BBF8F0096EF18 /* Assets.xcassets */,
				063D36C0248BBF8F0096EF18 /* LaunchScreen.storyboard */,
				063D36C3248BBF8F0096EF18 /* Info.plist */,
			);
			path = SundeedSpotlight;
			sourceTree = "<group>";
		};
		063D36CB248BBF8F0096EF18 /* SundeedSpotlightTests */ = {
			isa = PBXGroup;
			children = (
				063D36CC248BBF8F0096EF18 /* SundeedSpotlightTests.swift */,
				063D36CE248BBF8F0096EF18 /* Info.plist */,
			);
			path = SundeedSpotlightTests;
			sourceTree = "<group>";
		};
		063D36D7248BC0C10096EF18 /* Library */ = {
			isa = PBXGroup;
			children = (
				063D36D8248BC0D60096EF18 /* HighlightingView.swift */,
				063D36DA248BC23F0096EF18 /* SundeedSpotlight.swift */,
				063D36DC248BC25B0096EF18 /* InfoView.swift */,
				063D36DE248BC2740096EF18 /* CustomSpotlightInfoView.swift */,
				063D36E0248BC2B10096EF18 /* DefaultInfoLabel.swift */,
			);
			path = Library;
			sourceTree = "<group>";
		};
/* End PBXGroup section */

/* Begin PBXNativeTarget section */
		063D36B1248BBF8C0096EF18 /* SundeedSpotlight */ = {
			isa = PBXNativeTarget;
			buildConfigurationList = 063D36D1248BBF8F0096EF18 /* Build configuration list for PBXNativeTarget "SundeedSpotlight" */;
			buildPhases = (
				063D36AE248BBF8C0096EF18 /* Sources */,
				063D36AF248BBF8C0096EF18 /* Frameworks */,
				063D36B0248BBF8C0096EF18 /* Resources */,
			);
			buildRules = (
			);
			dependencies = (
			);
			name = SundeedSpotlight;
			productName = SundeedSpotlight;
			productReference = 063D36B2248BBF8C0096EF18 /* SundeedSpotlight.app */;
			productType = "com.apple.product-type.application";
		};
		063D36C7248BBF8F0096EF18 /* SundeedSpotlightTests */ = {
			isa = PBXNativeTarget;
			buildConfigurationList = 063D36D4248BBF8F0096EF18 /* Build configuration list for PBXNativeTarget "SundeedSpotlightTests" */;
			buildPhases = (
				063D36C4248BBF8F0096EF18 /* Sources */,
				063D36C5248BBF8F0096EF18 /* Frameworks */,
				063D36C6248BBF8F0096EF18 /* Resources */,
			);
			buildRules = (
			);
			dependencies = (
				063D36CA248BBF8F0096EF18 /* PBXTargetDependency */,
			);
			name = SundeedSpotlightTests;
			productName = SundeedSpotlightTests;
			productReference = 063D36C8248BBF8F0096EF18 /* SundeedSpotlightTests.xctest */;
			productType = "com.apple.product-type.bundle.unit-test";
		};
/* End PBXNativeTarget section */

/* Begin PBXProject section */
		063D36AA248BBF8C0096EF18 /* Project object */ = {
			isa = PBXProject;
			attributes = {
				LastSwiftUpdateCheck = 1150;
				LastUpgradeCheck = 1150;
				ORGANIZATIONNAME = LUMBERCODE;
				TargetAttributes = {
					063D36B1248BBF8C0096EF18 = {
						CreatedOnToolsVersion = 11.5;
					};
					063D36C7248BBF8F0096EF18 = {
						CreatedOnToolsVersion = 11.5;
						TestTargetID = 063D36B1248BBF8C0096EF18;
					};
				};
			};
			buildConfigurationList = 063D36AD248BBF8C0096EF18 /* Build configuration list for PBXProject "SundeedSpotlight" */;
			compatibilityVersion = "Xcode 9.3";
			developmentRegion = en;
			hasScannedForEncodings = 0;
			knownRegions = (
				en,
				Base,
			);
			mainGroup = 063D36A9248BBF8C0096EF18;
			productRefGroup = 063D36B3248BBF8C0096EF18 /* Products */;
			projectDirPath = "";
			projectRoot = "";
			targets = (
				063D36B1248BBF8C0096EF18 /* SundeedSpotlight */,
				063D36C7248BBF8F0096EF18 /* SundeedSpotlightTests */,
			);
		};
/* End PBXProject section */

/* Begin PBXResourcesBuildPhase section */
		063D36B0248BBF8C0096EF18 /* Resources */ = {
			isa = PBXResourcesBuildPhase;
			buildActionMask = 2147483647;
			files = (
				063D36C2248BBF8F0096EF18 /* LaunchScreen.storyboard in Resources */,
				063D36BF248BBF8F0096EF18 /* Assets.xcassets in Resources */,
				063D36BD248BBF8C0096EF18 /* Main.storyboard in Resources */,
			);
			runOnlyForDeploymentPostprocessing = 0;
		};
		063D36C6248BBF8F0096EF18 /* Resources */ = {
			isa = PBXResourcesBuildPhase;
			buildActionMask = 2147483647;
			files = (
			);
			runOnlyForDeploymentPostprocessing = 0;
		};
/* End PBXResourcesBuildPhase section */

/* Begin PBXSourcesBuildPhase section */
		063D36AE248BBF8C0096EF18 /* Sources */ = {
			isa = PBXSourcesBuildPhase;
			buildActionMask = 2147483647;
			files = (
				063D36BA248BBF8C0096EF18 /* ViewController.swift in Sources */,
				063D36B6248BBF8C0096EF18 /* AppDelegate.swift in Sources */,
				063D36E1248BC2B10096EF18 /* DefaultInfoLabel.swift in Sources */,
				063D36D9248BC0D60096EF18 /* HighlightingView.swift in Sources */,
				063D36DD248BC25B0096EF18 /* InfoView.swift in Sources */,
				063D36DB248BC23F0096EF18 /* SundeedSpotlight.swift in Sources */,
				063D36DF248BC2740096EF18 /* CustomSpotlightInfoView.swift in Sources */,
			);
			runOnlyForDeploymentPostprocessing = 0;
		};
		063D36C4248BBF8F0096EF18 /* Sources */ = {
			isa = PBXSourcesBuildPhase;
			buildActionMask = 2147483647;
			files = (
				063D36CD248BBF8F0096EF18 /* SundeedSpotlightTests.swift in Sources */,
			);
			runOnlyForDeploymentPostprocessing = 0;
		};
/* End PBXSourcesBuildPhase section */

/* Begin PBXTargetDependency section */
		063D36CA248BBF8F0096EF18 /* PBXTargetDependency */ = {
			isa = PBXTargetDependency;
			target = 063D36B1248BBF8C0096EF18 /* SundeedSpotlight */;
			targetProxy = 063D36C9248BBF8F0096EF18 /* PBXContainerItemProxy */;
		};
/* End PBXTargetDependency section */

/* Begin PBXVariantGroup section */
		063D36BB248BBF8C0096EF18 /* Main.storyboard */ = {
			isa = PBXVariantGroup;
			children = (
				063D36BC248BBF8C0096EF18 /* Base */,
			);
			name = Main.storyboard;
			sourceTree = "<group>";
		};
		063D36C0248BBF8F0096EF18 /* LaunchScreen.storyboard */ = {
			isa = PBXVariantGroup;
			children = (
				063D36C1248BBF8F0096EF18 /* Base */,
			);
			name = LaunchScreen.storyboard;
			sourceTree = "<group>";
		};
/* End PBXVariantGroup section */

/* Begin XCBuildConfiguration section */
		063D36CF248BBF8F0096EF18 /* Debug */ = {
			isa = XCBuildConfiguration;
			buildSettings = {
				ALWAYS_SEARCH_USER_PATHS = NO;
				CLANG_ANALYZER_NONNULL = YES;
				CLANG_ANALYZER_NUMBER_OBJECT_CONVERSION = YES_AGGRESSIVE;
				CLANG_CXX_LANGUAGE_STANDARD = "gnu++14";
				CLANG_CXX_LIBRARY = "libc++";
				CLANG_ENABLE_MODULES = YES;
				CLANG_ENABLE_OBJC_ARC = YES;
				CLANG_ENABLE_OBJC_WEAK = YES;
				CLANG_WARN_BLOCK_CAPTURE_AUTORELEASING = YES;
				CLANG_WARN_BOOL_CONVERSION = YES;
				CLANG_WARN_COMMA = YES;
				CLANG_WARN_CONSTANT_CONVERSION = YES;
				CLANG_WARN_DEPRECATED_OBJC_IMPLEMENTATIONS = YES;
				CLANG_WARN_DIRECT_OBJC_ISA_USAGE = YES_ERROR;
				CLANG_WARN_DOCUMENTATION_COMMENTS = YES;
				CLANG_WARN_EMPTY_BODY = YES;
				CLANG_WARN_ENUM_CONVERSION = YES;
				CLANG_WARN_INFINITE_RECURSION = YES;
				CLANG_WARN_INT_CONVERSION = YES;
				CLANG_WARN_NON_LITERAL_NULL_CONVERSION = YES;
				CLANG_WARN_OBJC_IMPLICIT_RETAIN_SELF = YES;
				CLANG_WARN_OBJC_LITERAL_CONVERSION = YES;
				CLANG_WARN_OBJC_ROOT_CLASS = YES_ERROR;
				CLANG_WARN_RANGE_LOOP_ANALYSIS = YES;
				CLANG_WARN_STRICT_PROTOTYPES = YES;
				CLANG_WARN_SUSPICIOUS_MOVE = YES;
				CLANG_WARN_UNGUARDED_AVAILABILITY = YES_AGGRESSIVE;
				CLANG_WARN_UNREACHABLE_CODE = YES;
				CLANG_WARN__DUPLICATE_METHOD_MATCH = YES;
				COPY_PHASE_STRIP = NO;
				DEBUG_INFORMATION_FORMAT = dwarf;
				ENABLE_STRICT_OBJC_MSGSEND = YES;
				ENABLE_TESTABILITY = YES;
				GCC_C_LANGUAGE_STANDARD = gnu11;
				GCC_DYNAMIC_NO_PIC = NO;
				GCC_NO_COMMON_BLOCKS = YES;
				GCC_OPTIMIZATION_LEVEL = 0;
				GCC_PREPROCESSOR_DEFINITIONS = (
					"DEBUG=1",
					"$(inherited)",
				);
				GCC_WARN_64_TO_32_BIT_CONVERSION = YES;
				GCC_WARN_ABOUT_RETURN_TYPE = YES_ERROR;
				GCC_WARN_UNDECLARED_SELECTOR = YES;
				GCC_WARN_UNINITIALIZED_AUTOS = YES_AGGRESSIVE;
				GCC_WARN_UNUSED_FUNCTION = YES;
				GCC_WARN_UNUSED_VARIABLE = YES;
				IPHONEOS_DEPLOYMENT_TARGET = 13.5;
				MTL_ENABLE_DEBUG_INFO = INCLUDE_SOURCE;
				MTL_FAST_MATH = YES;
				ONLY_ACTIVE_ARCH = YES;
				SDKROOT = iphoneos;
				SWIFT_ACTIVE_COMPILATION_CONDITIONS = DEBUG;
				SWIFT_OPTIMIZATION_LEVEL = "-Onone";
			};
			name = Debug;
		};
		063D36D0248BBF8F0096EF18 /* Release */ = {
			isa = XCBuildConfiguration;
			buildSettings = {
				ALWAYS_SEARCH_USER_PATHS = NO;
				CLANG_ANALYZER_NONNULL = YES;
				CLANG_ANALYZER_NUMBER_OBJECT_CONVERSION = YES_AGGRESSIVE;
				CLANG_CXX_LANGUAGE_STANDARD = "gnu++14";
				CLANG_CXX_LIBRARY = "libc++";
				CLANG_ENABLE_MODULES = YES;
				CLANG_ENABLE_OBJC_ARC = YES;
				CLANG_ENABLE_OBJC_WEAK = YES;
				CLANG_WARN_BLOCK_CAPTURE_AUTORELEASING = YES;
				CLANG_WARN_BOOL_CONVERSION = YES;
				CLANG_WARN_COMMA = YES;
				CLANG_WARN_CONSTANT_CONVERSION = YES;
				CLANG_WARN_DEPRECATED_OBJC_IMPLEMENTATIONS = YES;
				CLANG_WARN_DIRECT_OBJC_ISA_USAGE = YES_ERROR;
				CLANG_WARN_DOCUMENTATION_COMMENTS = YES;
				CLANG_WARN_EMPTY_BODY = YES;
				CLANG_WARN_ENUM_CONVERSION = YES;
				CLANG_WARN_INFINITE_RECURSION = YES;
				CLANG_WARN_INT_CONVERSION = YES;
				CLANG_WARN_NON_LITERAL_NULL_CONVERSION = YES;
				CLANG_WARN_OBJC_IMPLICIT_RETAIN_SELF = YES;
				CLANG_WARN_OBJC_LITERAL_CONVERSION = YES;
				CLANG_WARN_OBJC_ROOT_CLASS = YES_ERROR;
				CLANG_WARN_RANGE_LOOP_ANALYSIS = YES;
				CLANG_WARN_STRICT_PROTOTYPES = YES;
				CLANG_WARN_SUSPICIOUS_MOVE = YES;
				CLANG_WARN_UNGUARDED_AVAILABILITY = YES_AGGRESSIVE;
				CLANG_WARN_UNREACHABLE_CODE = YES;
				CLANG_WARN__DUPLICATE_METHOD_MATCH = YES;
				COPY_PHASE_STRIP = NO;
				DEBUG_INFORMATION_FORMAT = "dwarf-with-dsym";
				ENABLE_NS_ASSERTIONS = NO;
				ENABLE_STRICT_OBJC_MSGSEND = YES;
				GCC_C_LANGUAGE_STANDARD = gnu11;
				GCC_NO_COMMON_BLOCKS = YES;
				GCC_WARN_64_TO_32_BIT_CONVERSION = YES;
				GCC_WARN_ABOUT_RETURN_TYPE = YES_ERROR;
				GCC_WARN_UNDECLARED_SELECTOR = YES;
				GCC_WARN_UNINITIALIZED_AUTOS = YES_AGGRESSIVE;
				GCC_WARN_UNUSED_FUNCTION = YES;
				GCC_WARN_UNUSED_VARIABLE = YES;
				IPHONEOS_DEPLOYMENT_TARGET = 13.5;
				MTL_ENABLE_DEBUG_INFO = NO;
				MTL_FAST_MATH = YES;
				SDKROOT = iphoneos;
				SWIFT_COMPILATION_MODE = wholemodule;
				SWIFT_OPTIMIZATION_LEVEL = "-O";
				VALIDATE_PRODUCT = YES;
			};
			name = Release;
		};
		063D36D2248BBF8F0096EF18 /* Debug */ = {
			isa = XCBuildConfiguration;
			buildSettings = {
				ASSETCATALOG_COMPILER_APPICON_NAME = AppIcon;
				CODE_SIGN_STYLE = Automatic;
				DEVELOPMENT_TEAM = K897Z868JW;
				INFOPLIST_FILE = SundeedSpotlight/Info.plist;
				IPHONEOS_DEPLOYMENT_TARGET = 9.0;
				LD_RUNPATH_SEARCH_PATHS = (
					"$(inherited)",
					"@executable_path/Frameworks",
				);
				PRODUCT_BUNDLE_IDENTIFIER = com.LUMBERCODE.SundeedSpotlight;
				PRODUCT_NAME = "$(TARGET_NAME)";
				SWIFT_VERSION = 5.0;
				TARGETED_DEVICE_FAMILY = "1,2";
			};
			name = Debug;
		};
		063D36D3248BBF8F0096EF18 /* Release */ = {
			isa = XCBuildConfiguration;
			buildSettings = {
				ASSETCATALOG_COMPILER_APPICON_NAME = AppIcon;
				CODE_SIGN_STYLE = Automatic;
				DEVELOPMENT_TEAM = K897Z868JW;
				INFOPLIST_FILE = SundeedSpotlight/Info.plist;
				IPHONEOS_DEPLOYMENT_TARGET = 9.0;
				LD_RUNPATH_SEARCH_PATHS = (
					"$(inherited)",
					"@executable_path/Frameworks",
				);
				PRODUCT_BUNDLE_IDENTIFIER = com.LUMBERCODE.SundeedSpotlight;
				PRODUCT_NAME = "$(TARGET_NAME)";
				SWIFT_VERSION = 5.0;
				TARGETED_DEVICE_FAMILY = "1,2";
			};
			name = Release;
		};
		063D36D5248BBF8F0096EF18 /* Debug */ = {
			isa = XCBuildConfiguration;
			buildSettings = {
				ALWAYS_EMBED_SWIFT_STANDARD_LIBRARIES = YES;
				BUNDLE_LOADER = "$(TEST_HOST)";
				CODE_SIGN_STYLE = Automatic;
				DEVELOPMENT_TEAM = K897Z868JW;
				INFOPLIST_FILE = SundeedSpotlightTests/Info.plist;
				IPHONEOS_DEPLOYMENT_TARGET = 13.5;
				LD_RUNPATH_SEARCH_PATHS = (
					"$(inherited)",
					"@executable_path/Frameworks",
					"@loader_path/Frameworks",
				);
				PRODUCT_BUNDLE_IDENTIFIER = com.LUMBERCODE.SundeedSpotlightTests;
				PRODUCT_NAME = "$(TARGET_NAME)";
				SWIFT_VERSION = 5.0;
				TARGETED_DEVICE_FAMILY = "1,2";
				TEST_HOST = "$(BUILT_PRODUCTS_DIR)/SundeedSpotlight.app/SundeedSpotlight";
			};
			name = Debug;
		};
		063D36D6248BBF8F0096EF18 /* Release */ = {
			isa = XCBuildConfiguration;
			buildSettings = {
				ALWAYS_EMBED_SWIFT_STANDARD_LIBRARIES = YES;
				BUNDLE_LOADER = "$(TEST_HOST)";
				CODE_SIGN_STYLE = Automatic;
				DEVELOPMENT_TEAM = K897Z868JW;
				INFOPLIST_FILE = SundeedSpotlightTests/Info.plist;
				IPHONEOS_DEPLOYMENT_TARGET = 13.5;
				LD_RUNPATH_SEARCH_PATHS = (
					"$(inherited)",
					"@executable_path/Frameworks",
					"@loader_path/Frameworks",
				);
				PRODUCT_BUNDLE_IDENTIFIER = com.LUMBERCODE.SundeedSpotlightTests;
				PRODUCT_NAME = "$(TARGET_NAME)";
				SWIFT_VERSION = 5.0;
				TARGETED_DEVICE_FAMILY = "1,2";
				TEST_HOST = "$(BUILT_PRODUCTS_DIR)/SundeedSpotlight.app/SundeedSpotlight";
			};
			name = Release;
		};
/* End XCBuildConfiguration section */

/* Begin XCConfigurationList section */
		063D36AD248BBF8C0096EF18 /* Build configuration list for PBXProject "SundeedSpotlight" */ = {
			isa = XCConfigurationList;
			buildConfigurations = (
				063D36CF248BBF8F0096EF18 /* Debug */,
				063D36D0248BBF8F0096EF18 /* Release */,
			);
			defaultConfigurationIsVisible = 0;
			defaultConfigurationName = Release;
		};
		063D36D1248BBF8F0096EF18 /* Build configuration list for PBXNativeTarget "SundeedSpotlight" */ = {
			isa = XCConfigurationList;
			buildConfigurations = (
				063D36D2248BBF8F0096EF18 /* Debug */,
				063D36D3248BBF8F0096EF18 /* Release */,
			);
			defaultConfigurationIsVisible = 0;
			defaultConfigurationName = Release;
		};
		063D36D4248BBF8F0096EF18 /* Build configuration list for PBXNativeTarget "SundeedSpotlightTests" */ = {
			isa = XCConfigurationList;
			buildConfigurations = (
				063D36D5248BBF8F0096EF18 /* Debug */,
				063D36D6248BBF8F0096EF18 /* Release */,
			);
			defaultConfigurationIsVisible = 0;
			defaultConfigurationName = Release;
		};
/* End XCConfigurationList section */
	};
	rootObject = 063D36AA248BBF8C0096EF18 /* Project object */;
}
